
Microsoft Visual Studio Solution File, Format Version 12.00
# Visual Studio Version 16
VisualStudioVersion = 16.0.28803.202
MinimumVisualStudioVersion = 10.0.40219.1
Project("{8BC9CEB8-8B4A-11D0-8D11-00A0C91BC942}") = "queuq+priority_queue", "queuq+priority_queue.vcxproj", "{FCCC4199-A121-4BB9-9CCD-33EB293220DF}"
EndProject
Global
	GlobalSection(SolutionConfigurationPlatforms) = preSolution
		Debug|x64 = Debug|x64
		Debug|x86 = Debug|x86
		Release|x64 = Release|x64
		Release|x86 = Release|x86
	EndGlobalSection
	GlobalSection(ProjectConfigurationPlatforms) = postSolution
		{FCCC4199-A121-4BB9-9CCD-33EB293220DF}.Debug|x64.ActiveCfg = Debug|x64
		{FCCC4199-A121-4BB9-9CCD-33EB293220DF}.Debug|x64.Build.0 = Debug|x64
		{FCCC4199-A121-4BB9-9CCD-33EB293220DF}.Debug|x86.ActiveCfg = Debug|Win32
		{FCCC4199-A121-4BB9-9CCD-33EB293220DF}.Debug|x86.Build.0 = Debug|Win32
		{FCCC4199-A121-4BB9-9CCD-33EB293220DF}.Release|x64.ActiveCfg = Release|x64
		{FCCC4199-A121-4BB9-9CCD-33EB293220DF}.Release|x64.Build.0 = Release|x64
		{FCCC4199-A121-4BB9-9CCD-33EB293220DF}.Release|x86.ActiveCfg = Release|Win32
		{FCCC4199-A121-4BB9-9CCD-33EB293220DF}.Release|x86.Build.0 = Release|Win32
	EndGlobalSection
	GlobalSection(SolutionProperties) = preSolution
		HideSolutionNode = FALSE
	EndGlobalSection
	GlobalSection(ExtensibilityGlobals) = postSolution
		SolutionGuid = {5A7047DC-EC65-491E-8B4D-E36A92946D78}
	EndGlobalSection
EndGlobal
