
Microsoft Visual Studio Solution File, Format Version 12.00
# Visual Studio 15
VisualStudioVersion = 15.0.28307.106
MinimumVisualStudioVersion = 10.0.40219.1
Project("{8BC9CEB8-8B4A-11D0-8D11-00A0C91BC942}") = "Cpp-Bit-38", "Cpp-Bit-38\Cpp-Bit-38.vcxproj", "{C9B42CA5-3D99-4557-8CD4-9B4FA8CA6CDB}"
EndProject
Global
	GlobalSection(SolutionConfigurationPlatforms) = preSolution
		Debug|x64 = Debug|x64
		Debug|x86 = Debug|x86
		Release|x64 = Release|x64
		Release|x86 = Release|x86
	EndGlobalSection
	GlobalSection(ProjectConfigurationPlatforms) = postSolution
		{C9B42CA5-3D99-4557-8CD4-9B4FA8CA6CDB}.Debug|x64.ActiveCfg = Debug|x64
		{C9B42CA5-3D99-4557-8CD4-9B4FA8CA6CDB}.Debug|x64.Build.0 = Debug|x64
		{C9B42CA5-3D99-4557-8CD4-9B4FA8CA6CDB}.Debug|x86.ActiveCfg = Debug|Win32
		{C9B42CA5-3D99-4557-8CD4-9B4FA8CA6CDB}.Debug|x86.Build.0 = Debug|Win32
		{C9B42CA5-3D99-4557-8CD4-9B4FA8CA6CDB}.Release|x64.ActiveCfg = Release|x64
		{C9B42CA5-3D99-4557-8CD4-9B4FA8CA6CDB}.Release|x64.Build.0 = Release|x64
		{C9B42CA5-3D99-4557-8CD4-9B4FA8CA6CDB}.Release|x86.ActiveCfg = Release|Win32
		{C9B42CA5-3D99-4557-8CD4-9B4FA8CA6CDB}.Release|x86.Build.0 = Release|Win32
	EndGlobalSection
	GlobalSection(SolutionProperties) = preSolution
		HideSolutionNode = FALSE
	EndGlobalSection
	GlobalSection(ExtensibilityGlobals) = postSolution
		SolutionGuid = {00BE0199-F232-4358-ADF5-BD1BD775FC55}
	EndGlobalSection
EndGlobal
